
Microsoft Visual Studio Solution File, Format Version 12.00
# Visual Studio Version 16
VisualStudioVersion = 16.0.31105.61
MinimumVisualStudioVersion = 10.0.40219.1
Project("{9A19103F-16F7-4668-BE54-9A1E7A4F7556}") = "GameFrameWorkV2", "GameFrameWorkV2\GameFrameWorkV2.csproj", "{43E516ED-DAA0-416B-8B12-FECDF10BE8CE}"
EndProject
Project("{9A19103F-16F7-4668-BE54-9A1E7A4F7556}") = "UnitTests", "UnitTests\UnitTests.csproj", "{01B1037A-4C9D-48ED-9B9F-503ADED54200}"
EndProject
Project("{FAE04EC0-301F-11D3-BF4B-00C04F79EFBC}") = "RpgAdvGame", "RpgAdvGame\RpgAdvGame.csproj", "{6D46AE9A-6A01-4ABE-B8C3-DFB96B3FF50C}"
EndProject
Global
	GlobalSection(SolutionConfigurationPlatforms) = preSolution
		Debug|Any CPU = Debug|Any CPU
		Release|Any CPU = Release|Any CPU
	EndGlobalSection
	GlobalSection(ProjectConfigurationPlatforms) = postSolution
		{43E516ED-DAA0-416B-8B12-FECDF10BE8CE}.Debug|Any CPU.ActiveCfg = Debug|Any CPU
		{43E516ED-DAA0-416B-8B12-FECDF10BE8CE}.Debug|Any CPU.Build.0 = Debug|Any CPU
		{43E516ED-DAA0-416B-8B12-FECDF10BE8CE}.Release|Any CPU.ActiveCfg = Release|Any CPU
		{43E516ED-DAA0-416B-8B12-FECDF10BE8CE}.Release|Any CPU.Build.0 = Release|Any CPU
		{01B1037A-4C9D-48ED-9B9F-503ADED54200}.Debug|Any CPU.ActiveCfg = Debug|Any CPU
		{01B1037A-4C9D-48ED-9B9F-503ADED54200}.Debug|Any CPU.Build.0 = Debug|Any CPU
		{01B1037A-4C9D-48ED-9B9F-503ADED54200}.Release|Any CPU.ActiveCfg = Release|Any CPU
		{01B1037A-4C9D-48ED-9B9F-503ADED54200}.Release|Any CPU.Build.0 = Release|Any CPU
		{6D46AE9A-6A01-4ABE-B8C3-DFB96B3FF50C}.Debug|Any CPU.ActiveCfg = Debug|Any CPU
		{6D46AE9A-6A01-4ABE-B8C3-DFB96B3FF50C}.Debug|Any CPU.Build.0 = Debug|Any CPU
		{6D46AE9A-6A01-4ABE-B8C3-DFB96B3FF50C}.Release|Any CPU.ActiveCfg = Release|Any CPU
		{6D46AE9A-6A01-4ABE-B8C3-DFB96B3FF50C}.Release|Any CPU.Build.0 = Release|Any CPU
	EndGlobalSection
	GlobalSection(SolutionProperties) = preSolution
		HideSolutionNode = FALSE
	EndGlobalSection
	GlobalSection(ExtensibilityGlobals) = postSolution
		SolutionGuid = {3FAC32D4-7C6D-4D5D-8FAE-D78D36DA473D}
	EndGlobalSection
EndGlobal
